{
  "version": 4,
  "terraform_version": "1.1.8",
  "serial": 3,
  "lineage": "91748876-5fc4-9d07-e075-14fee5417644",
  "outputs": {
    "rds_password": {
      "value": "vi3YP$Rv[YU#38df",
      "type": "string",
      "sensitive": true
    },
    "rds_username": {
      "value": "administrator",
      "type": "string"
    }
  },
  "resources": [
    {
      "mode": "managed",
      "type": "random_password",
      "name": "rds_password",
      "provider": "provider[\"registry.terraform.io/hashicorp/random\"]",
      "instances": [
        {
          "schema_version": 3,
          "attributes": {
            "bcrypt_hash": "$2a$10$T3thVtgfOv8a4eaqDZlYmOPWyI15atTzXXNOPFyPgmI452Hxd6Kg2",
            "id": "none",
            "keepers": null,
            "length": 16,
            "lower": true,
            "min_lower": 0,
            "min_numeric": 0,
            "min_special": 0,
            "min_upper": 0,
            "number": true,
            "numeric": true,
            "override_special": "!#$%\u0026*()-_=+[]{}\u003c\u003e:?",
            "result": "vi3YP$Rv[YU#38df",
            "special": true,
            "upper": true
          },
          "sensitive_attributes": []
        }
      ]
    }
  ]
}
